// !$*UTF8*$!
{
	archiveVersion = 1;
	classes = {
	};
	objectVersion = 46;
	objects = {

/* Begin PBXBuildFile section */
		BA1834841A04F2300023210E /* AppDelegate.swift in Sources */ = {isa = PBXBuildFile; fileRef = BA1834831A04F2300023210E /* AppDelegate.swift */; };
		BA1834871A04F2300023210E /* BitriseSwiftSampleApp.xcdatamodeld in Sources */ = {isa = PBXBuildFile; fileRef = BA1834851A04F2300023210E /* BitriseSwiftSampleApp.xcdatamodeld */; };
		BA1834891A04F2300023210E /* ViewController.swift in Sources */ = {isa = PBXBuildFile; fileRef = BA1834881A04F2300023210E /* ViewController.swift */; };
		BA18348C1A04F2300023210E /* Main.storyboard in Resources */ = {isa = PBXBuildFile; fileRef = BA18348A1A04F2300023210E /* Main.storyboard */; };
		BA18348E1A04F2300023210E /* Images.xcassets in Resources */ = {isa = PBXBuildFile; fileRef = BA18348D1A04F2300023210E /* Images.xcassets */; };
		BA1834911A04F2300023210E /* LaunchScreen.xib in Resources */ = {isa = PBXBuildFile; fileRef = BA18348F1A04F2300023210E /* LaunchScreen.xib */; };
		BA18349D1A04F2310023210E /* BitriseSwiftSampleAppTests.swift in Sources */ = {isa = PBXBuildFile; fileRef = BA18349C1A04F2310023210E /* BitriseSwiftSampleAppTests.swift */; };
/* End PBXBuildFile section */

/* Begin PBXContainerItemProxy section */
		BA1834971A04F2310023210E /* PBXContainerItemProxy */ = {
			isa = PBXContainerItemProxy;
			containerPortal = BA1834761A04F2300023210E /* Project object */;
			proxyType = 1;
			remoteGlobalIDString = BA18347D1A04F2300023210E;
			remoteInfo = BitriseSwiftSampleApp;
		};
/* End PBXContainerItemProxy section */

/* Begin PBXFileReference section */
		BA18347E1A04F2300023210E /* BitriseSwiftSampleApp.app */ = {isa = PBXFileReference; explicitFileType = wrapper.application; includeInIndex = 0; path = BitriseSwiftSampleApp.app; sourceTree = BUILT_PRODUCTS_DIR; };
		BA1834821A04F2300023210E /* Info.plist */ = {isa = PBXFileReference; lastKnownFileType = text.plist.xml; path = Info.plist; sourceTree = "<group>"; };
		BA1834831A04F2300023210E /* AppDelegate.swift */ = {isa = PBXFileReference; lastKnownFileType = sourcecode.swift; path = AppDelegate.swift; sourceTree = "<group>"; };
		BA1834861A04F2300023210E /* BitriseSwiftSampleApp.xcdatamodel */ = {isa = PBXFileReference; lastKnownFileType = wrapper.xcdatamodel; path = BitriseSwiftSampleApp.xcdatamodel; sourceTree = "<group>"; };
		BA1834881A04F2300023210E /* ViewController.swift */ = {isa = PBXFileReference; lastKnownFileType = sourcecode.swift; path = ViewController.swift; sourceTree = "<group>"; };
		BA18348B1A04F2300023210E /* Base */ = {isa = PBXFileReference; lastKnownFileType = file.storyboard; name = Base; path = Base.lproj/Main.storyboard; sourceTree = "<group>"; };
		BA18348D1A04F2300023210E /* Images.xcassets */ = {isa = PBXFileReference; lastKnownFileType = folder.assetcatalog; path = Images.xcassets; sourceTree = "<group>"; };
		BA1834901A04F2300023210E /* Base */ = {isa = PBXFileReference; lastKnownFileType = file.xib; name = Base; path = Base.lproj/LaunchScreen.xib; sourceTree = "<group>"; };
		BA1834961A04F2310023210E /* BitriseSwiftSampleAppTests.xctest */ = {isa = PBXFileReference; explicitFileType = wrapper.cfbundle; includeInIndex = 0; path = BitriseSwiftSampleAppTests.xctest; sourceTree = BUILT_PRODUCTS_DIR; };
		BA18349B1A04F2310023210E /* Info.plist */ = {isa = PBXFileReference; lastKnownFileType = text.plist.xml; path = Info.plist; sourceTree = "<group>"; };
		BA18349C1A04F2310023210E /* BitriseSwiftSampleAppTests.swift */ = {isa = PBXFileReference; lastKnownFileType = sourcecode.swift; path = BitriseSwiftSampleAppTests.swift; sourceTree = "<group>"; };
/* End PBXFileReference section */

/* Begin PBXFrameworksBuildPhase section */
		BA18347B1A04F2300023210E /* Frameworks */ = {
			isa = PBXFrameworksBuildPhase;
			buildActionMask = 2147483647;
			files = (
			);
			runOnlyForDeploymentPostprocessing = 0;
		};
		BA1834931A04F2310023210E /* Frameworks */ = {
			isa = PBXFrameworksBuildPhase;
			buildActionMask = 2147483647;
			files = (
			);
			runOnlyForDeploymentPostprocessing = 0;
		};
/* End PBXFrameworksBuildPhase section */

/* Begin PBXGroup section */
		BA1834751A04F2300023210E = {
			isa = PBXGroup;
			children = (
				BA1834801A04F2300023210E /* BitriseSwiftSampleApp */,
				BA1834991A04F2310023210E /* BitriseSwiftSampleAppTests */,
				BA18347F1A04F2300023210E /* Products */,
			);
			sourceTree = "<group>";
		};
		BA18347F1A04F2300023210E /* Products */ = {
			isa = PBXGroup;
			children = (
				BA18347E1A04F2300023210E /* BitriseSwiftSampleApp.app */,
				BA1834961A04F2310023210E /* BitriseSwiftSampleAppTests.xctest */,
			);
			name = Products;
			sourceTree = "<group>";
		};
		BA1834801A04F2300023210E /* BitriseSwiftSampleApp */ = {
			isa = PBXGroup;
			children = (
				BA1834831A04F2300023210E /* AppDelegate.swift */,
				BA1834881A04F2300023210E /* ViewController.swift */,
				BA18348A1A04F2300023210E /* Main.storyboard */,
				BA18348D1A04F2300023210E /* Images.xcassets */,
				BA18348F1A04F2300023210E /* LaunchScreen.xib */,
				BA1834851A04F2300023210E /* BitriseSwiftSampleApp.xcdatamodeld */,
				BA1834811A04F2300023210E /* Supporting Files */,
			);
			path = BitriseSwiftSampleApp;
			sourceTree = "<group>";
		};
		BA1834811A04F2300023210E /* Supporting Files */ = {
			isa = PBXGroup;
			children = (
				BA1834821A04F2300023210E /* Info.plist */,
			);
			name = "Supporting Files";
			sourceTree = "<group>";
		};
		BA1834991A04F2310023210E /* BitriseSwiftSampleAppTests */ = {
			isa = PBXGroup;
			children = (
				BA18349C1A04F2310023210E /* BitriseSwiftSampleAppTests.swift */,
				BA18349A1A04F2310023210E /* Supporting Files */,
			);
			path = BitriseSwiftSampleAppTests;
			sourceTree = "<group>";
		};
		BA18349A1A04F2310023210E /* Supporting Files */ = {
			isa = PBXGroup;
			children = (
				BA18349B1A04F2310023210E /* Info.plist */,
			);
			name = "Supporting Files";
			sourceTree = "<group>";
		};
/* End PBXGroup section */

/* Begin PBXNativeTarget section */
		BA18347D1A04F2300023210E /* BitriseSwiftSampleApp */ = {
			isa = PBXNativeTarget;
			buildConfigurationList = BA1834A01A04F2310023210E /* Build configuration list for PBXNativeTarget "BitriseSwiftSampleApp" */;
			buildPhases = (
				BA18347A1A04F2300023210E /* Sources */,
				BA18347B1A04F2300023210E /* Frameworks */,
				BA18347C1A04F2300023210E /* Resources */,
			);
			buildRules = (
			);
			dependencies = (
			);
			name = BitriseSwiftSampleApp;
			productName = BitriseSwiftSampleApp;
			productReference = BA18347E1A04F2300023210E /* BitriseSwiftSampleApp.app */;
			productType = "com.apple.product-type.application";
		};
		BA1834951A04F2310023210E /* BitriseSwiftSampleAppTests */ = {
			isa = PBXNativeTarget;
			buildConfigurationList = BA1834A31A04F2310023210E /* Build configuration list for PBXNativeTarget "BitriseSwiftSampleAppTests" */;
			buildPhases = (
				BA1834921A04F2310023210E /* Sources */,
				BA1834931A04F2310023210E /* Frameworks */,
				BA1834941A04F2310023210E /* Resources */,
			);
			buildRules = (
			);
			dependencies = (
				BA1834981A04F2310023210E /* PBXTargetDependency */,
			);
			name = BitriseSwiftSampleAppTests;
			productName = BitriseSwiftSampleAppTests;
			productReference = BA1834961A04F2310023210E /* BitriseSwiftSampleAppTests.xctest */;
			productType = "com.apple.product-type.bundle.unit-test";
		};
/* End PBXNativeTarget section */

/* Begin PBXProject section */
		BA1834761A04F2300023210E /* Project object */ = {
			isa = PBXProject;
			attributes = {
				LastUpgradeCheck = 0610;
				ORGANIZATIONNAME = Bitrise;
				TargetAttributes = {
					BA18347D1A04F2300023210E = {
						CreatedOnToolsVersion = 6.1;
					};
					BA1834951A04F2310023210E = {
						CreatedOnToolsVersion = 6.1;
						TestTargetID = BA18347D1A04F2300023210E;
					};
				};
			};
			buildConfigurationList = BA1834791A04F2300023210E /* Build configuration list for PBXProject "BitriseSwiftSampleApp" */;
			compatibilityVersion = "Xcode 3.2";
			developmentRegion = English;
			hasScannedForEncodings = 0;
			knownRegions = (
				en,
				Base,
			);
			mainGroup = BA1834751A04F2300023210E;
			productRefGroup = BA18347F1A04F2300023210E /* Products */;
			projectDirPath = "";
			projectRoot = "";
			targets = (
				BA18347D1A04F2300023210E /* BitriseSwiftSampleApp */,
				BA1834951A04F2310023210E /* BitriseSwiftSampleAppTests */,
			);
		};
/* End PBXProject section */

/* Begin PBXResourcesBuildPhase section */
		BA18347C1A04F2300023210E /* Resources */ = {
			isa = PBXResourcesBuildPhase;
			buildActionMask = 2147483647;
			files = (
				BA18348C1A04F2300023210E /* Main.storyboard in Resources */,
				BA1834911A04F2300023210E /* LaunchScreen.xib in Resources */,
				BA18348E1A04F2300023210E /* Images.xcassets in Resources */,
			);
			runOnlyForDeploymentPostprocessing = 0;
		};
		BA1834941A04F2310023210E /* Resources */ = {
			isa = PBXResourcesBuildPhase;
			buildActionMask = 2147483647;
			files = (
			);
			runOnlyForDeploymentPostprocessing = 0;
		};
/* End PBXResourcesBuildPhase section */

/* Begin PBXSourcesBuildPhase section */
		BA18347A1A04F2300023210E /* Sources */ = {
			isa = PBXSourcesBuildPhase;
			buildActionMask = 2147483647;
			files = (
				BA1834891A04F2300023210E /* ViewController.swift in Sources */,
				BA1834871A04F2300023210E /* BitriseSwiftSampleApp.xcdatamodeld in Sources */,
				BA1834841A04F2300023210E /* AppDelegate.swift in Sources */,
			);
			runOnlyForDeploymentPostprocessing = 0;
		};
		BA1834921A04F2310023210E /* Sources */ = {
			isa = PBXSourcesBuildPhase;
			buildActionMask = 2147483647;
			files = (
				BA18349D1A04F2310023210E /* BitriseSwiftSampleAppTests.swift in Sources */,
			);
			runOnlyForDeploymentPostprocessing = 0;
		};
/* End PBXSourcesBuildPhase section */

/* Begin PBXTargetDependency section */
		BA1834981A04F2310023210E /* PBXTargetDependency */ = {
			isa = PBXTargetDependency;
			target = BA18347D1A04F2300023210E /* BitriseSwiftSampleApp */;
			targetProxy = BA1834971A04F2310023210E /* PBXContainerItemProxy */;
		};
/* End PBXTargetDependency section */

/* Begin PBXVariantGroup section */
		BA18348A1A04F2300023210E /* Main.storyboard */ = {
			isa = PBXVariantGroup;
			children = (
				BA18348B1A04F2300023210E /* Base */,
			);
			name = Main.storyboard;
			sourceTree = "<group>";
		};
		BA18348F1A04F2300023210E /* LaunchScreen.xib */ = {
			isa = PBXVariantGroup;
			children = (
				BA1834901A04F2300023210E /* Base */,
			);
			name = LaunchScreen.xib;
			sourceTree = "<group>";
		};
/* End PBXVariantGroup section */

/* Begin XCBuildConfiguration section */
		BA18349E1A04F2310023210E /* Debug */ = {
			isa = XCBuildConfiguration;
			buildSettings = {
				ALWAYS_SEARCH_USER_PATHS = NO;
				CLANG_CXX_LANGUAGE_STANDARD = "gnu++0x";
				CLANG_CXX_LIBRARY = "libc++";
				CLANG_ENABLE_MODULES = YES;
				CLANG_ENABLE_OBJC_ARC = YES;
				CLANG_WARN_BOOL_CONVERSION = YES;
				CLANG_WARN_CONSTANT_CONVERSION = YES;
				CLANG_WARN_DIRECT_OBJC_ISA_USAGE = YES_ERROR;
				CLANG_WARN_EMPTY_BODY = YES;
				CLANG_WARN_ENUM_CONVERSION = YES;
				CLANG_WARN_INT_CONVERSION = YES;
				CLANG_WARN_OBJC_ROOT_CLASS = YES_ERROR;
				CLANG_WARN_UNREACHABLE_CODE = YES;
				CLANG_WARN__DUPLICATE_METHOD_MATCH = YES;
				"CODE_SIGN_IDENTITY[sdk=iphoneos*]" = "iPhone Developer";
				COPY_PHASE_STRIP = NO;
				ENABLE_STRICT_OBJC_MSGSEND = YES;
				GCC_C_LANGUAGE_STANDARD = gnu99;
				GCC_DYNAMIC_NO_PIC = NO;
				GCC_OPTIMIZATION_LEVEL = 0;
				GCC_PREPROCESSOR_DEFINITIONS = (
					"DEBUG=1",
					"$(inherited)",
				);
				GCC_SYMBOLS_PRIVATE_EXTERN = NO;
				GCC_WARN_64_TO_32_BIT_CONVERSION = YES;
				GCC_WARN_ABOUT_RETURN_TYPE = YES_ERROR;
				GCC_WARN_UNDECLARED_SELECTOR = YES;
				GCC_WARN_UNINITIALIZED_AUTOS = YES_AGGRESSIVE;
				GCC_WARN_UNUSED_FUNCTION = YES;
				GCC_WARN_UNUSED_VARIABLE = YES;
				IPHONEOS_DEPLOYMENT_TARGET = 8.1;
				MTL_ENABLE_DEBUG_INFO = YES;
				ONLY_ACTIVE_ARCH = YES;
				SDKROOT = iphoneos;
				SWIFT_OPTIMIZATION_LEVEL = "-Onone";
				TARGETED_DEVICE_FAMILY = "1,2";
			};
			name = Debug;
		};
		BA18349F1A04F2310023210E /* Release */ = {
			isa = XCBuildConfiguration;
			buildSettings = {
				ALWAYS_SEARCH_USER_PATHS = NO;
				CLANG_CXX_LANGUAGE_STANDARD = "gnu++0x";
				CLANG_CXX_LIBRARY = "libc++";
				CLANG_ENABLE_MODULES = YES;
				CLANG_ENABLE_OBJC_ARC = YES;
				CLANG_WARN_BOOL_CONVERSION = YES;
				CLANG_WARN_CONSTANT_CONVERSION = YES;
				CLANG_WARN_DIRECT_OBJC_ISA_USAGE = YES_ERROR;
				CLANG_WARN_EMPTY_BODY = YES;
				CLANG_WARN_ENUM_CONVERSION = YES;
				CLANG_WARN_INT_CONVERSION = YES;
				CLANG_WARN_OBJC_ROOT_CLASS = YES_ERROR;
				CLANG_WARN_UNREACHABLE_CODE = YES;
				CLANG_WARN__DUPLICATE_METHOD_MATCH = YES;
				"CODE_SIGN_IDENTITY[sdk=iphoneos*]" = "iPhone Developer";
				COPY_PHASE_STRIP = YES;
				ENABLE_NS_ASSERTIONS = NO;
				ENABLE_STRICT_OBJC_MSGSEND = YES;
				GCC_C_LANGUAGE_STANDARD = gnu99;
				GCC_WARN_64_TO_32_BIT_CONVERSION = YES;
				GCC_WARN_ABOUT_RETURN_TYPE = YES_ERROR;
				GCC_WARN_UNDECLARED_SELECTOR = YES;
				GCC_WARN_UNINITIALIZED_AUTOS = YES_AGGRESSIVE;
				GCC_WARN_UNUSED_FUNCTION = YES;
				GCC_WARN_UNUSED_VARIABLE = YES;
				IPHONEOS_DEPLOYMENT_TARGET = 8.1;
				MTL_ENABLE_DEBUG_INFO = NO;
				SDKROOT = iphoneos;
				TARGETED_DEVICE_FAMILY = "1,2";
				VALIDATE_PRODUCT = YES;
			};
			name = Release;
		};
		BA1834A11A04F2310023210E /* Debug */ = {
			isa = XCBuildConfiguration;
			buildSettings = {
				ASSETCATALOG_COMPILER_APPICON_NAME = AppIcon;
				INFOPLIST_FILE = BitriseSwiftSampleApp/Info.plist;
				IPHONEOS_DEPLOYMENT_TARGET = 8.1;
				LD_RUNPATH_SEARCH_PATHS = "$(inherited) @executable_path/Frameworks";
				PRODUCT_NAME = "$(TARGET_NAME)";
			};
			name = Debug;
		};
		BA1834A21A04F2310023210E /* Release */ = {
			isa = XCBuildConfiguration;
			buildSettings = {
				ASSETCATALOG_COMPILER_APPICON_NAME = AppIcon;
				INFOPLIST_FILE = BitriseSwiftSampleApp/Info.plist;
				IPHONEOS_DEPLOYMENT_TARGET = 8.1;
				LD_RUNPATH_SEARCH_PATHS = "$(inherited) @executable_path/Frameworks";
				PRODUCT_NAME = "$(TARGET_NAME)";
			};
			name = Release;
		};
		BA1834A41A04F2310023210E /* Debug */ = {
			isa = XCBuildConfiguration;
			buildSettings = {
				BUNDLE_LOADER = "$(TEST_HOST)";
				FRAMEWORK_SEARCH_PATHS = (
					"$(SDKROOT)/Developer/Library/Frameworks",
					"$(inherited)",
				);
				GCC_PREPROCESSOR_DEFINITIONS = (
					"DEBUG=1",
					"$(inherited)",
				);
				INFOPLIST_FILE = BitriseSwiftSampleAppTests/Info.plist;
				LD_RUNPATH_SEARCH_PATHS = "$(inherited) @executable_path/Frameworks @loader_path/Frameworks";
				PRODUCT_NAME = "$(TARGET_NAME)";
				TEST_HOST = "$(BUILT_PRODUCTS_DIR)/BitriseSwiftSampleApp.app/BitriseSwiftSampleApp";
			};
			name = Debug;
		};
		BA1834A51A04F2310023210E /* Release */ = {
			isa = XCBuildConfiguration;
			buildSettings = {
				BUNDLE_LOADER = "$(TEST_HOST)";
				FRAMEWORK_SEARCH_PATHS = (
					"$(SDKROOT)/Developer/Library/Frameworks",
					"$(inherited)",
				);
				INFOPLIST_FILE = BitriseSwiftSampleAppTests/Info.plist;
				LD_RUNPATH_SEARCH_PATHS = "$(inherited) @executable_path/Frameworks @loader_path/Frameworks";
				PRODUCT_NAME = "$(TARGET_NAME)";
				TEST_HOST = "$(BUILT_PRODUCTS_DIR)/BitriseSwiftSampleApp.app/BitriseSwiftSampleApp";
			};
			name = Release;
		};
/* End XCBuildConfiguration section */

/* Begin XCConfigurationList section */
		BA1834791A04F2300023210E /* Build configuration list for PBXProject "BitriseSwiftSampleApp" */ = {
			isa = XCConfigurationList;
			buildConfigurations = (
				BA18349E1A04F2310023210E /* Debug */,
				BA18349F1A04F2310023210E /* Release */,
			);
			defaultConfigurationIsVisible = 0;
			defaultConfigurationName = Release;
		};
		BA1834A01A04F2310023210E /* Build configuration list for PBXNativeTarget "BitriseSwiftSampleApp" */ = {
			isa = XCConfigurationList;
			buildConfigurations = (
				BA1834A11A04F2310023210E /* Debug */,
				BA1834A21A04F2310023210E /* Release */,
			);
			defaultConfigurationIsVisible = 0;
			defaultConfigurationName = Release;
		};
		BA1834A31A04F2310023210E /* Build configuration list for PBXNativeTarget "BitriseSwiftSampleAppTests" */ = {
			isa = XCConfigurationList;
			buildConfigurations = (
				BA1834A41A04F2310023210E /* Debug */,
				BA1834A51A04F2310023210E /* Release */,
			);
			defaultConfigurationIsVisible = 0;
			defaultConfigurationName = Release;
		};
/* End XCConfigurationList section */

/* Begin XCVersionGroup section */
		BA1834851A04F2300023210E /* BitriseSwiftSampleApp.xcdatamodeld */ = {
			isa = XCVersionGroup;
			children = (
				BA1834861A04F2300023210E /* BitriseSwiftSampleApp.xcdatamodel */,
			);
			currentVersion = BA1834861A04F2300023210E /* BitriseSwiftSampleApp.xcdatamodel */;
			path = BitriseSwiftSampleApp.xcdatamodeld;
			sourceTree = "<group>";
			versionGroupType = wrapper.xcdatamodel;
		};
/* End XCVersionGroup section */
	};
	rootObject = BA1834761A04F2300023210E /* Project object */;
}
