// !$*UTF8*$!
{
	archiveVersion = 1;
	classes = {
	};
	objectVersion = 46;
	objects = {

/* Begin PBXBuildFile section */
		BA34B53319C30EED009C7BEF /* AppDelegate.swift in Sources */ = {isa = PBXBuildFile; fileRef = BA34B53219C30EED009C7BEF /* AppDelegate.swift */; };
		BA34B53619C30EED009C7BEF /* BitriseSwiftSampleApp.xcdatamodeld in Sources */ = {isa = PBXBuildFile; fileRef = BA34B53419C30EED009C7BEF /* BitriseSwiftSampleApp.xcdatamodeld */; };
		BA34B53819C30EED009C7BEF /* ViewController.swift in Sources */ = {isa = PBXBuildFile; fileRef = BA34B53719C30EED009C7BEF /* ViewController.swift */; };
		BA34B53B19C30EED009C7BEF /* Main.storyboard in Resources */ = {isa = PBXBuildFile; fileRef = BA34B53919C30EED009C7BEF /* Main.storyboard */; };
		BA34B53D19C30EED009C7BEF /* Images.xcassets in Resources */ = {isa = PBXBuildFile; fileRef = BA34B53C19C30EED009C7BEF /* Images.xcassets */; };
		BA34B54019C30EED009C7BEF /* LaunchScreen.xib in Resources */ = {isa = PBXBuildFile; fileRef = BA34B53E19C30EED009C7BEF /* LaunchScreen.xib */; };
		BA34B54C19C30EED009C7BEF /* BitriseSwiftSampleAppTests.swift in Sources */ = {isa = PBXBuildFile; fileRef = BA34B54B19C30EED009C7BEF /* BitriseSwiftSampleAppTests.swift */; };
		BA34B55819C31311009C7BEF /* BitriseIcon.jpg in Resources */ = {isa = PBXBuildFile; fileRef = BA34B55619C31311009C7BEF /* BitriseIcon.jpg */; };
		BA34B55919C31311009C7BEF /* BitriseIcon.jpg in Resources */ = {isa = PBXBuildFile; fileRef = BA34B55619C31311009C7BEF /* BitriseIcon.jpg */; };
		BA34B55A19C31311009C7BEF /* BitriseIcon@2x.jpg in Resources */ = {isa = PBXBuildFile; fileRef = BA34B55719C31311009C7BEF /* BitriseIcon@2x.jpg */; };
		BA34B55B19C31311009C7BEF /* BitriseIcon@2x.jpg in Resources */ = {isa = PBXBuildFile; fileRef = BA34B55719C31311009C7BEF /* BitriseIcon@2x.jpg */; };
/* End PBXBuildFile section */

/* Begin PBXContainerItemProxy section */
		BA34B54619C30EED009C7BEF /* PBXContainerItemProxy */ = {
			isa = PBXContainerItemProxy;
			containerPortal = BA34B52519C30EED009C7BEF /* Project object */;
			proxyType = 1;
			remoteGlobalIDString = BA34B52C19C30EED009C7BEF;
			remoteInfo = BitriseSwiftSampleApp;
		};
/* End PBXContainerItemProxy section */

/* Begin PBXFileReference section */
		BA34B52D19C30EED009C7BEF /* BitriseSwiftSampleApp.app */ = {isa = PBXFileReference; explicitFileType = wrapper.application; includeInIndex = 0; path = BitriseSwiftSampleApp.app; sourceTree = BUILT_PRODUCTS_DIR; };
		BA34B53119C30EED009C7BEF /* Info.plist */ = {isa = PBXFileReference; lastKnownFileType = text.plist.xml; path = Info.plist; sourceTree = "<group>"; };
		BA34B53219C30EED009C7BEF /* AppDelegate.swift */ = {isa = PBXFileReference; lastKnownFileType = sourcecode.swift; path = AppDelegate.swift; sourceTree = "<group>"; };
		BA34B53519C30EED009C7BEF /* BitriseSwiftSampleApp.xcdatamodel */ = {isa = PBXFileReference; lastKnownFileType = wrapper.xcdatamodel; path = BitriseSwiftSampleApp.xcdatamodel; sourceTree = "<group>"; };
		BA34B53719C30EED009C7BEF /* ViewController.swift */ = {isa = PBXFileReference; lastKnownFileType = sourcecode.swift; path = ViewController.swift; sourceTree = "<group>"; };
		BA34B53A19C30EED009C7BEF /* Base */ = {isa = PBXFileReference; lastKnownFileType = file.storyboard; name = Base; path = Base.lproj/Main.storyboard; sourceTree = "<group>"; };
		BA34B53C19C30EED009C7BEF /* Images.xcassets */ = {isa = PBXFileReference; lastKnownFileType = folder.assetcatalog; path = Images.xcassets; sourceTree = "<group>"; };
		BA34B53F19C30EED009C7BEF /* Base */ = {isa = PBXFileReference; lastKnownFileType = file.xib; name = Base; path = Base.lproj/LaunchScreen.xib; sourceTree = "<group>"; };
		BA34B54519C30EED009C7BEF /* BitriseSwiftSampleAppTests.xctest */ = {isa = PBXFileReference; explicitFileType = wrapper.cfbundle; includeInIndex = 0; path = BitriseSwiftSampleAppTests.xctest; sourceTree = BUILT_PRODUCTS_DIR; };
		BA34B54A19C30EED009C7BEF /* Info.plist */ = {isa = PBXFileReference; lastKnownFileType = text.plist.xml; path = Info.plist; sourceTree = "<group>"; };
		BA34B54B19C30EED009C7BEF /* BitriseSwiftSampleAppTests.swift */ = {isa = PBXFileReference; lastKnownFileType = sourcecode.swift; path = BitriseSwiftSampleAppTests.swift; sourceTree = "<group>"; };
		BA34B55619C31311009C7BEF /* BitriseIcon.jpg */ = {isa = PBXFileReference; lastKnownFileType = image.jpeg; name = BitriseIcon.jpg; path = Resources/BitriseIcon.jpg; sourceTree = "<group>"; };
		BA34B55719C31311009C7BEF /* BitriseIcon@2x.jpg */ = {isa = PBXFileReference; lastKnownFileType = image.jpeg; name = "BitriseIcon@2x.jpg"; path = "Resources/BitriseIcon@2x.jpg"; sourceTree = "<group>"; };
/* End PBXFileReference section */

/* Begin PBXFrameworksBuildPhase section */
		BA34B52A19C30EED009C7BEF /* Frameworks */ = {
			isa = PBXFrameworksBuildPhase;
			buildActionMask = 2147483647;
			files = (
			);
			runOnlyForDeploymentPostprocessing = 0;
		};
		BA34B54219C30EED009C7BEF /* Frameworks */ = {
			isa = PBXFrameworksBuildPhase;
			buildActionMask = 2147483647;
			files = (
			);
			runOnlyForDeploymentPostprocessing = 0;
		};
/* End PBXFrameworksBuildPhase section */

/* Begin PBXGroup section */
		BA34B52419C30EED009C7BEF = {
			isa = PBXGroup;
			children = (
				BA34B52F19C30EED009C7BEF /* BitriseSwiftSampleApp */,
				BA34B54819C30EED009C7BEF /* BitriseSwiftSampleAppTests */,
				BA34B52E19C30EED009C7BEF /* Products */,
			);
			sourceTree = "<group>";
		};
		BA34B52E19C30EED009C7BEF /* Products */ = {
			isa = PBXGroup;
			children = (
				BA34B52D19C30EED009C7BEF /* BitriseSwiftSampleApp.app */,
				BA34B54519C30EED009C7BEF /* BitriseSwiftSampleAppTests.xctest */,
			);
			name = Products;
			sourceTree = "<group>";
		};
		BA34B52F19C30EED009C7BEF /* BitriseSwiftSampleApp */ = {
			isa = PBXGroup;
			children = (
				BA34B55519C310C2009C7BEF /* Resources */,
				BA34B53219C30EED009C7BEF /* AppDelegate.swift */,
				BA34B53719C30EED009C7BEF /* ViewController.swift */,
				BA34B53919C30EED009C7BEF /* Main.storyboard */,
				BA34B53C19C30EED009C7BEF /* Images.xcassets */,
				BA34B53E19C30EED009C7BEF /* LaunchScreen.xib */,
				BA34B53419C30EED009C7BEF /* BitriseSwiftSampleApp.xcdatamodeld */,
				BA34B53019C30EED009C7BEF /* Supporting Files */,
			);
			path = BitriseSwiftSampleApp;
			sourceTree = "<group>";
		};
		BA34B53019C30EED009C7BEF /* Supporting Files */ = {
			isa = PBXGroup;
			children = (
				BA34B53119C30EED009C7BEF /* Info.plist */,
			);
			name = "Supporting Files";
			sourceTree = "<group>";
		};
		BA34B54819C30EED009C7BEF /* BitriseSwiftSampleAppTests */ = {
			isa = PBXGroup;
			children = (
				BA34B54B19C30EED009C7BEF /* BitriseSwiftSampleAppTests.swift */,
				BA34B54919C30EED009C7BEF /* Supporting Files */,
			);
			path = BitriseSwiftSampleAppTests;
			sourceTree = "<group>";
		};
		BA34B54919C30EED009C7BEF /* Supporting Files */ = {
			isa = PBXGroup;
			children = (
				BA34B54A19C30EED009C7BEF /* Info.plist */,
			);
			name = "Supporting Files";
			sourceTree = "<group>";
		};
		BA34B55519C310C2009C7BEF /* Resources */ = {
			isa = PBXGroup;
			children = (
				BA34B55619C31311009C7BEF /* BitriseIcon.jpg */,
				BA34B55719C31311009C7BEF /* BitriseIcon@2x.jpg */,
			);
			name = Resources;
			sourceTree = "<group>";
		};
/* End PBXGroup section */

/* Begin PBXNativeTarget section */
		BA34B52C19C30EED009C7BEF /* BitriseSwiftSampleApp */ = {
			isa = PBXNativeTarget;
			buildConfigurationList = BA34B54F19C30EED009C7BEF /* Build configuration list for PBXNativeTarget "BitriseSwiftSampleApp" */;
			buildPhases = (
				BA34B52919C30EED009C7BEF /* Sources */,
				BA34B52A19C30EED009C7BEF /* Frameworks */,
				BA34B52B19C30EED009C7BEF /* Resources */,
			);
			buildRules = (
			);
			dependencies = (
			);
			name = BitriseSwiftSampleApp;
			productName = BitriseSwiftSampleApp;
			productReference = BA34B52D19C30EED009C7BEF /* BitriseSwiftSampleApp.app */;
			productType = "com.apple.product-type.application";
		};
		BA34B54419C30EED009C7BEF /* BitriseSwiftSampleAppTests */ = {
			isa = PBXNativeTarget;
			buildConfigurationList = BA34B55219C30EED009C7BEF /* Build configuration list for PBXNativeTarget "BitriseSwiftSampleAppTests" */;
			buildPhases = (
				BA34B54119C30EED009C7BEF /* Sources */,
				BA34B54219C30EED009C7BEF /* Frameworks */,
				BA34B54319C30EED009C7BEF /* Resources */,
			);
			buildRules = (
			);
			dependencies = (
				BA34B54719C30EED009C7BEF /* PBXTargetDependency */,
			);
			name = BitriseSwiftSampleAppTests;
			productName = BitriseSwiftSampleAppTests;
			productReference = BA34B54519C30EED009C7BEF /* BitriseSwiftSampleAppTests.xctest */;
			productType = "com.apple.product-type.bundle.unit-test";
		};
/* End PBXNativeTarget section */

/* Begin PBXProject section */
		BA34B52519C30EED009C7BEF /* Project object */ = {
			isa = PBXProject;
			attributes = {
				LastUpgradeCheck = 0600;
				ORGANIZATIONNAME = Bitrise;
				TargetAttributes = {
					BA34B52C19C30EED009C7BEF = {
						CreatedOnToolsVersion = 6.0;
					};
					BA34B54419C30EED009C7BEF = {
						CreatedOnToolsVersion = 6.0;
						TestTargetID = BA34B52C19C30EED009C7BEF;
					};
				};
			};
			buildConfigurationList = BA34B52819C30EED009C7BEF /* Build configuration list for PBXProject "BitriseSwiftSampleApp" */;
			compatibilityVersion = "Xcode 3.2";
			developmentRegion = English;
			hasScannedForEncodings = 0;
			knownRegions = (
				en,
				Base,
			);
			mainGroup = BA34B52419C30EED009C7BEF;
			productRefGroup = BA34B52E19C30EED009C7BEF /* Products */;
			projectDirPath = "";
			projectRoot = "";
			targets = (
				BA34B52C19C30EED009C7BEF /* BitriseSwiftSampleApp */,
				BA34B54419C30EED009C7BEF /* BitriseSwiftSampleAppTests */,
			);
		};
/* End PBXProject section */

/* Begin PBXResourcesBuildPhase section */
		BA34B52B19C30EED009C7BEF /* Resources */ = {
			isa = PBXResourcesBuildPhase;
			buildActionMask = 2147483647;
			files = (
				BA34B55A19C31311009C7BEF /* BitriseIcon@2x.jpg in Resources */,
				BA34B53B19C30EED009C7BEF /* Main.storyboard in Resources */,
				BA34B55819C31311009C7BEF /* BitriseIcon.jpg in Resources */,
				BA34B54019C30EED009C7BEF /* LaunchScreen.xib in Resources */,
				BA34B53D19C30EED009C7BEF /* Images.xcassets in Resources */,
			);
			runOnlyForDeploymentPostprocessing = 0;
		};
		BA34B54319C30EED009C7BEF /* Resources */ = {
			isa = PBXResourcesBuildPhase;
			buildActionMask = 2147483647;
			files = (
				BA34B55B19C31311009C7BEF /* BitriseIcon@2x.jpg in Resources */,
				BA34B55919C31311009C7BEF /* BitriseIcon.jpg in Resources */,
			);
			runOnlyForDeploymentPostprocessing = 0;
		};
/* End PBXResourcesBuildPhase section */

/* Begin PBXSourcesBuildPhase section */
		BA34B52919C30EED009C7BEF /* Sources */ = {
			isa = PBXSourcesBuildPhase;
			buildActionMask = 2147483647;
			files = (
				BA34B53819C30EED009C7BEF /* ViewController.swift in Sources */,
				BA34B53619C30EED009C7BEF /* BitriseSwiftSampleApp.xcdatamodeld in Sources */,
				BA34B53319C30EED009C7BEF /* AppDelegate.swift in Sources */,
			);
			runOnlyForDeploymentPostprocessing = 0;
		};
		BA34B54119C30EED009C7BEF /* Sources */ = {
			isa = PBXSourcesBuildPhase;
			buildActionMask = 2147483647;
			files = (
				BA34B54C19C30EED009C7BEF /* BitriseSwiftSampleAppTests.swift in Sources */,
			);
			runOnlyForDeploymentPostprocessing = 0;
		};
/* End PBXSourcesBuildPhase section */

/* Begin PBXTargetDependency section */
		BA34B54719C30EED009C7BEF /* PBXTargetDependency */ = {
			isa = PBXTargetDependency;
			target = BA34B52C19C30EED009C7BEF /* BitriseSwiftSampleApp */;
			targetProxy = BA34B54619C30EED009C7BEF /* PBXContainerItemProxy */;
		};
/* End PBXTargetDependency section */

/* Begin PBXVariantGroup section */
		BA34B53919C30EED009C7BEF /* Main.storyboard */ = {
			isa = PBXVariantGroup;
			children = (
				BA34B53A19C30EED009C7BEF /* Base */,
			);
			name = Main.storyboard;
			sourceTree = "<group>";
		};
		BA34B53E19C30EED009C7BEF /* LaunchScreen.xib */ = {
			isa = PBXVariantGroup;
			children = (
				BA34B53F19C30EED009C7BEF /* Base */,
			);
			name = LaunchScreen.xib;
			sourceTree = "<group>";
		};
/* End PBXVariantGroup section */

/* Begin XCBuildConfiguration section */
		BA34B54D19C30EED009C7BEF /* Debug */ = {
			isa = XCBuildConfiguration;
			buildSettings = {
				ALWAYS_SEARCH_USER_PATHS = NO;
				CLANG_CXX_LANGUAGE_STANDARD = "gnu++0x";
				CLANG_CXX_LIBRARY = "libc++";
				CLANG_ENABLE_MODULES = YES;
				CLANG_ENABLE_OBJC_ARC = YES;
				CLANG_WARN_BOOL_CONVERSION = YES;
				CLANG_WARN_CONSTANT_CONVERSION = YES;
				CLANG_WARN_DIRECT_OBJC_ISA_USAGE = YES_ERROR;
				CLANG_WARN_EMPTY_BODY = YES;
				CLANG_WARN_ENUM_CONVERSION = YES;
				CLANG_WARN_INT_CONVERSION = YES;
				CLANG_WARN_OBJC_ROOT_CLASS = YES_ERROR;
				CLANG_WARN_UNREACHABLE_CODE = YES;
				CLANG_WARN__DUPLICATE_METHOD_MATCH = YES;
				"CODE_SIGN_IDENTITY[sdk=iphoneos*]" = "iPhone Developer";
				COPY_PHASE_STRIP = NO;
				ENABLE_STRICT_OBJC_MSGSEND = YES;
				GCC_C_LANGUAGE_STANDARD = gnu99;
				GCC_DYNAMIC_NO_PIC = NO;
				GCC_OPTIMIZATION_LEVEL = 0;
				GCC_PREPROCESSOR_DEFINITIONS = (
					"DEBUG=1",
					"$(inherited)",
				);
				GCC_SYMBOLS_PRIVATE_EXTERN = NO;
				GCC_WARN_64_TO_32_BIT_CONVERSION = YES;
				GCC_WARN_ABOUT_RETURN_TYPE = YES_ERROR;
				GCC_WARN_UNDECLARED_SELECTOR = YES;
				GCC_WARN_UNINITIALIZED_AUTOS = YES_AGGRESSIVE;
				GCC_WARN_UNUSED_FUNCTION = YES;
				GCC_WARN_UNUSED_VARIABLE = YES;
				IPHONEOS_DEPLOYMENT_TARGET = 8.0;
				MTL_ENABLE_DEBUG_INFO = YES;
				ONLY_ACTIVE_ARCH = YES;
				SDKROOT = iphoneos;
				SWIFT_OPTIMIZATION_LEVEL = "-Onone";
				TARGETED_DEVICE_FAMILY = "1,2";
			};
			name = Debug;
		};
		BA34B54E19C30EED009C7BEF /* Release */ = {
			isa = XCBuildConfiguration;
			buildSettings = {
				ALWAYS_SEARCH_USER_PATHS = NO;
				CLANG_CXX_LANGUAGE_STANDARD = "gnu++0x";
				CLANG_CXX_LIBRARY = "libc++";
				CLANG_ENABLE_MODULES = YES;
				CLANG_ENABLE_OBJC_ARC = YES;
				CLANG_WARN_BOOL_CONVERSION = YES;
				CLANG_WARN_CONSTANT_CONVERSION = YES;
				CLANG_WARN_DIRECT_OBJC_ISA_USAGE = YES_ERROR;
				CLANG_WARN_EMPTY_BODY = YES;
				CLANG_WARN_ENUM_CONVERSION = YES;
				CLANG_WARN_INT_CONVERSION = YES;
				CLANG_WARN_OBJC_ROOT_CLASS = YES_ERROR;
				CLANG_WARN_UNREACHABLE_CODE = YES;
				CLANG_WARN__DUPLICATE_METHOD_MATCH = YES;
				"CODE_SIGN_IDENTITY[sdk=iphoneos*]" = "iPhone Developer";
				COPY_PHASE_STRIP = YES;
				ENABLE_NS_ASSERTIONS = NO;
				ENABLE_STRICT_OBJC_MSGSEND = YES;
				GCC_C_LANGUAGE_STANDARD = gnu99;
				GCC_WARN_64_TO_32_BIT_CONVERSION = YES;
				GCC_WARN_ABOUT_RETURN_TYPE = YES_ERROR;
				GCC_WARN_UNDECLARED_SELECTOR = YES;
				GCC_WARN_UNINITIALIZED_AUTOS = YES_AGGRESSIVE;
				GCC_WARN_UNUSED_FUNCTION = YES;
				GCC_WARN_UNUSED_VARIABLE = YES;
				IPHONEOS_DEPLOYMENT_TARGET = 8.0;
				MTL_ENABLE_DEBUG_INFO = NO;
				SDKROOT = iphoneos;
				TARGETED_DEVICE_FAMILY = "1,2";
				VALIDATE_PRODUCT = YES;
			};
			name = Release;
		};
		BA34B55019C30EED009C7BEF /* Debug */ = {
			isa = XCBuildConfiguration;
			buildSettings = {
				ASSETCATALOG_COMPILER_APPICON_NAME = AppIcon;
				INFOPLIST_FILE = BitriseSwiftSampleApp/Info.plist;
				IPHONEOS_DEPLOYMENT_TARGET = 7.0;
				LD_RUNPATH_SEARCH_PATHS = "$(inherited) @executable_path/Frameworks";
				PRODUCT_NAME = "$(TARGET_NAME)";
			};
			name = Debug;
		};
		BA34B55119C30EED009C7BEF /* Release */ = {
			isa = XCBuildConfiguration;
			buildSettings = {
				ASSETCATALOG_COMPILER_APPICON_NAME = AppIcon;
				INFOPLIST_FILE = BitriseSwiftSampleApp/Info.plist;
				IPHONEOS_DEPLOYMENT_TARGET = 7.0;
				LD_RUNPATH_SEARCH_PATHS = "$(inherited) @executable_path/Frameworks";
				PRODUCT_NAME = "$(TARGET_NAME)";
			};
			name = Release;
		};
		BA34B55319C30EED009C7BEF /* Debug */ = {
			isa = XCBuildConfiguration;
			buildSettings = {
				BUNDLE_LOADER = "$(TEST_HOST)";
				FRAMEWORK_SEARCH_PATHS = (
					"$(SDKROOT)/Developer/Library/Frameworks",
					"$(inherited)",
				);
				GCC_PREPROCESSOR_DEFINITIONS = (
					"DEBUG=1",
					"$(inherited)",
				);
				INFOPLIST_FILE = BitriseSwiftSampleAppTests/Info.plist;
				LD_RUNPATH_SEARCH_PATHS = "$(inherited) @executable_path/Frameworks @loader_path/Frameworks";
				PRODUCT_NAME = "$(TARGET_NAME)";
				TEST_HOST = "$(BUILT_PRODUCTS_DIR)/BitriseSwiftSampleApp.app/BitriseSwiftSampleApp";
			};
			name = Debug;
		};
		BA34B55419C30EED009C7BEF /* Release */ = {
			isa = XCBuildConfiguration;
			buildSettings = {
				BUNDLE_LOADER = "$(TEST_HOST)";
				FRAMEWORK_SEARCH_PATHS = (
					"$(SDKROOT)/Developer/Library/Frameworks",
					"$(inherited)",
				);
				INFOPLIST_FILE = BitriseSwiftSampleAppTests/Info.plist;
				LD_RUNPATH_SEARCH_PATHS = "$(inherited) @executable_path/Frameworks @loader_path/Frameworks";
				PRODUCT_NAME = "$(TARGET_NAME)";
				TEST_HOST = "$(BUILT_PRODUCTS_DIR)/BitriseSwiftSampleApp.app/BitriseSwiftSampleApp";
			};
			name = Release;
		};
/* End XCBuildConfiguration section */

/* Begin XCConfigurationList section */
		BA34B52819C30EED009C7BEF /* Build configuration list for PBXProject "BitriseSwiftSampleApp" */ = {
			isa = XCConfigurationList;
			buildConfigurations = (
				BA34B54D19C30EED009C7BEF /* Debug */,
				BA34B54E19C30EED009C7BEF /* Release */,
			);
			defaultConfigurationIsVisible = 0;
			defaultConfigurationName = Release;
		};
		BA34B54F19C30EED009C7BEF /* Build configuration list for PBXNativeTarget "BitriseSwiftSampleApp" */ = {
			isa = XCConfigurationList;
			buildConfigurations = (
				BA34B55019C30EED009C7BEF /* Debug */,
				BA34B55119C30EED009C7BEF /* Release */,
			);
			defaultConfigurationIsVisible = 0;
		};
		BA34B55219C30EED009C7BEF /* Build configuration list for PBXNativeTarget "BitriseSwiftSampleAppTests" */ = {
			isa = XCConfigurationList;
			buildConfigurations = (
				BA34B55319C30EED009C7BEF /* Debug */,
				BA34B55419C30EED009C7BEF /* Release */,
			);
			defaultConfigurationIsVisible = 0;
		};
/* End XCConfigurationList section */

/* Begin XCVersionGroup section */
		BA34B53419C30EED009C7BEF /* BitriseSwiftSampleApp.xcdatamodeld */ = {
			isa = XCVersionGroup;
			children = (
				BA34B53519C30EED009C7BEF /* BitriseSwiftSampleApp.xcdatamodel */,
			);
			currentVersion = BA34B53519C30EED009C7BEF /* BitriseSwiftSampleApp.xcdatamodel */;
			path = BitriseSwiftSampleApp.xcdatamodeld;
			sourceTree = "<group>";
			versionGroupType = wrapper.xcdatamodel;
		};
/* End XCVersionGroup section */
	};
	rootObject = BA34B52519C30EED009C7BEF /* Project object */;
}
